// !$*UTF8*$!
{
	archiveVersion = 1;
	classes = {
	};
	objectVersion = 55;
	objects = {

/* Begin PBXBuildFile section */
		4A22ED2F2865B859009635BD /* AppDelegate.swift in Sources */ = {isa = PBXBuildFile; fileRef = 4A22ED2E2865B859009635BD /* AppDelegate.swift */; };
		4A22ED312865B859009635BD /* SceneDelegate.swift in Sources */ = {isa = PBXBuildFile; fileRef = 4A22ED302865B859009635BD /* SceneDelegate.swift */; };
		4A22ED332865B859009635BD /* ViewController.swift in Sources */ = {isa = PBXBuildFile; fileRef = 4A22ED322865B859009635BD /* ViewController.swift */; };
		4A22ED362865B859009635BD /* Main.storyboard in Resources */ = {isa = PBXBuildFile; fileRef = 4A22ED342865B859009635BD /* Main.storyboard */; };
		4A22ED382865B85B009635BD /* Assets.xcassets in Resources */ = {isa = PBXBuildFile; fileRef = 4A22ED372865B85B009635BD /* Assets.xcassets */; };
		4A22ED3B2865B85B009635BD /* LaunchScreen.storyboard in Resources */ = {isa = PBXBuildFile; fileRef = 4A22ED392865B85B009635BD /* LaunchScreen.storyboard */; };
		4A73BBDF286F2275003AEBC4 /* Lottie.storyboard in Resources */ = {isa = PBXBuildFile; fileRef = 4A779781286EEEC60052E990 /* Lottie.storyboard */; };
		4A73BBE228719BCF003AEBC4 /* Navigation.storyboard in Resources */ = {isa = PBXBuildFile; fileRef = 4A73BBE128719BCF003AEBC4 /* Navigation.storyboard */; };
		4A73BBE428719BD9003AEBC4 /* NavigationViewController.swift in Sources */ = {isa = PBXBuildFile; fileRef = 4A73BBE328719BD9003AEBC4 /* NavigationViewController.swift */; };
		4A73BBE628719BF7003AEBC4 /* SecondNavigation.storyboard in Resources */ = {isa = PBXBuildFile; fileRef = 4A73BBE528719BF7003AEBC4 /* SecondNavigation.storyboard */; };
		4A73BBE828719C04003AEBC4 /* SecondNavigationViewController.swift in Sources */ = {isa = PBXBuildFile; fileRef = 4A73BBE728719C04003AEBC4 /* SecondNavigationViewController.swift */; };
		4A779780286EEEBF0052E990 /* LottieViewController.swift in Sources */ = {isa = PBXBuildFile; fileRef = 4A77977F286EEEBF0052E990 /* LottieViewController.swift */; };
		4A779786286F1F9D0052E990 /* 110238-melt.json in Resources */ = {isa = PBXBuildFile; fileRef = 4A779785286F1F9D0052E990 /* 110238-melt.json */; };
		4AC84D9B28769C01008FECEB /* SnapkitViewController.swift in Sources */ = {isa = PBXBuildFile; fileRef = 4AC84D9A28769C01008FECEB /* SnapkitViewController.swift */; };
		4AC84D9D28769C0B008FECEB /* Snapkit.storyboard in Resources */ = {isa = PBXBuildFile; fileRef = 4AC84D9C28769C0B008FECEB /* Snapkit.storyboard */; };
		4ACF8B572873FB9100CDE05D /* TextViewAnimation.storyboard in Resources */ = {isa = PBXBuildFile; fileRef = 4ACF8B562873FB9100CDE05D /* TextViewAnimation.storyboard */; };
		4ACF8B592873FB9D00CDE05D /* TextViewAnimationViewController.swift in Sources */ = {isa = PBXBuildFile; fileRef = 4ACF8B582873FB9D00CDE05D /* TextViewAnimationViewController.swift */; };
		4ACF8B5B28744CD600CDE05D /* LabelAnimationViewController.swift in Sources */ = {isa = PBXBuildFile; fileRef = 4ACF8B5A28744CD600CDE05D /* LabelAnimationViewController.swift */; };
		4ACF8B5D28745E1E00CDE05D /* TextLabel.swift in Sources */ = {isa = PBXBuildFile; fileRef = 4ACF8B5C28745E1E00CDE05D /* TextLabel.swift */; };
		4ACF8B5F287468F400CDE05D /* textLabelDataModel.swift in Sources */ = {isa = PBXBuildFile; fileRef = 4ACF8B5E287468F400CDE05D /* textLabelDataModel.swift */; };
		E2A6157E659FF80E5008BBCF /* Pods_iOS_Practice.framework in Frameworks */ = {isa = PBXBuildFile; fileRef = F438966C8698E9DAB671DD17 /* Pods_iOS_Practice.framework */; };
/* End PBXBuildFile section */

/* Begin PBXFileReference section */
		4A22ED2B2865B859009635BD /* iOS-Practice.app */ = {isa = PBXFileReference; explicitFileType = wrapper.application; includeInIndex = 0; path = "iOS-Practice.app"; sourceTree = BUILT_PRODUCTS_DIR; };
		4A22ED2E2865B859009635BD /* AppDelegate.swift */ = {isa = PBXFileReference; lastKnownFileType = sourcecode.swift; path = AppDelegate.swift; sourceTree = "<group>"; };
		4A22ED302865B859009635BD /* SceneDelegate.swift */ = {isa = PBXFileReference; lastKnownFileType = sourcecode.swift; path = SceneDelegate.swift; sourceTree = "<group>"; };
		4A22ED322865B859009635BD /* ViewController.swift */ = {isa = PBXFileReference; lastKnownFileType = sourcecode.swift; path = ViewController.swift; sourceTree = "<group>"; };
		4A22ED352865B859009635BD /* Base */ = {isa = PBXFileReference; lastKnownFileType = file.storyboard; name = Base; path = Base.lproj/Main.storyboard; sourceTree = "<group>"; };
		4A22ED372865B85B009635BD /* Assets.xcassets */ = {isa = PBXFileReference; lastKnownFileType = folder.assetcatalog; path = Assets.xcassets; sourceTree = "<group>"; };
		4A22ED3A2865B85B009635BD /* Base */ = {isa = PBXFileReference; lastKnownFileType = file.storyboard; name = Base; path = Base.lproj/LaunchScreen.storyboard; sourceTree = "<group>"; };
		4A22ED3C2865B85B009635BD /* Info.plist */ = {isa = PBXFileReference; lastKnownFileType = text.plist.xml; path = Info.plist; sourceTree = "<group>"; };
		4A73BBE128719BCF003AEBC4 /* Navigation.storyboard */ = {isa = PBXFileReference; lastKnownFileType = file.storyboard; path = Navigation.storyboard; sourceTree = "<group>"; };
		4A73BBE328719BD9003AEBC4 /* NavigationViewController.swift */ = {isa = PBXFileReference; lastKnownFileType = sourcecode.swift; path = NavigationViewController.swift; sourceTree = "<group>"; };
		4A73BBE528719BF7003AEBC4 /* SecondNavigation.storyboard */ = {isa = PBXFileReference; lastKnownFileType = file.storyboard; path = SecondNavigation.storyboard; sourceTree = "<group>"; };
		4A73BBE728719C04003AEBC4 /* SecondNavigationViewController.swift */ = {isa = PBXFileReference; lastKnownFileType = sourcecode.swift; path = SecondNavigationViewController.swift; sourceTree = "<group>"; };
		4A77977F286EEEBF0052E990 /* LottieViewController.swift */ = {isa = PBXFileReference; lastKnownFileType = sourcecode.swift; path = LottieViewController.swift; sourceTree = "<group>"; };
		4A779781286EEEC60052E990 /* Lottie.storyboard */ = {isa = PBXFileReference; lastKnownFileType = file.storyboard; path = Lottie.storyboard; sourceTree = "<group>"; };
		4A779785286F1F9D0052E990 /* 110238-melt.json */ = {isa = PBXFileReference; fileEncoding = 4; lastKnownFileType = text.json; path = "110238-melt.json"; sourceTree = "<group>"; };
		4AC84D9A28769C01008FECEB /* SnapkitViewController.swift */ = {isa = PBXFileReference; lastKnownFileType = sourcecode.swift; path = SnapkitViewController.swift; sourceTree = "<group>"; };
		4AC84D9C28769C0B008FECEB /* Snapkit.storyboard */ = {isa = PBXFileReference; lastKnownFileType = file.storyboard; path = Snapkit.storyboard; sourceTree = "<group>"; };
		4ACF8B562873FB9100CDE05D /* TextViewAnimation.storyboard */ = {isa = PBXFileReference; lastKnownFileType = file.storyboard; path = TextViewAnimation.storyboard; sourceTree = "<group>"; };
		4ACF8B582873FB9D00CDE05D /* TextViewAnimationViewController.swift */ = {isa = PBXFileReference; lastKnownFileType = sourcecode.swift; path = TextViewAnimationViewController.swift; sourceTree = "<group>"; };
		4ACF8B5A28744CD600CDE05D /* LabelAnimationViewController.swift */ = {isa = PBXFileReference; lastKnownFileType = sourcecode.swift; path = LabelAnimationViewController.swift; sourceTree = "<group>"; };
		4ACF8B5C28745E1E00CDE05D /* TextLabel.swift */ = {isa = PBXFileReference; lastKnownFileType = sourcecode.swift; path = TextLabel.swift; sourceTree = "<group>"; };
		4ACF8B5E287468F400CDE05D /* textLabelDataModel.swift */ = {isa = PBXFileReference; lastKnownFileType = sourcecode.swift; path = textLabelDataModel.swift; sourceTree = "<group>"; };
		7390E3783F4D6D756276DCB4 /* Pods-iOS-Practice.debug.xcconfig */ = {isa = PBXFileReference; includeInIndex = 1; lastKnownFileType = text.xcconfig; name = "Pods-iOS-Practice.debug.xcconfig"; path = "Target Support Files/Pods-iOS-Practice/Pods-iOS-Practice.debug.xcconfig"; sourceTree = "<group>"; };
		DCE0A1F5C842ECB93B30A3CD /* Pods-iOS-Practice.release.xcconfig */ = {isa = PBXFileReference; includeInIndex = 1; lastKnownFileType = text.xcconfig; name = "Pods-iOS-Practice.release.xcconfig"; path = "Target Support Files/Pods-iOS-Practice/Pods-iOS-Practice.release.xcconfig"; sourceTree = "<group>"; };
		F438966C8698E9DAB671DD17 /* Pods_iOS_Practice.framework */ = {isa = PBXFileReference; explicitFileType = wrapper.framework; includeInIndex = 0; path = Pods_iOS_Practice.framework; sourceTree = BUILT_PRODUCTS_DIR; };
/* End PBXFileReference section */

/* Begin PBXFrameworksBuildPhase section */
		4A22ED282865B859009635BD /* Frameworks */ = {
			isa = PBXFrameworksBuildPhase;
			buildActionMask = 2147483647;
			files = (
				E2A6157E659FF80E5008BBCF /* Pods_iOS_Practice.framework in Frameworks */,
			);
			runOnlyForDeploymentPostprocessing = 0;
		};
/* End PBXFrameworksBuildPhase section */

/* Begin PBXGroup section */
		069106C42B82F308C1E94CED /* Frameworks */ = {
			isa = PBXGroup;
			children = (
				F438966C8698E9DAB671DD17 /* Pods_iOS_Practice.framework */,
			);
			name = Frameworks;
			sourceTree = "<group>";
		};
		2C41D158110058426A033530 /* Pods */ = {
			isa = PBXGroup;
			children = (
				7390E3783F4D6D756276DCB4 /* Pods-iOS-Practice.debug.xcconfig */,
				DCE0A1F5C842ECB93B30A3CD /* Pods-iOS-Practice.release.xcconfig */,
			);
			path = Pods;
			sourceTree = "<group>";
		};
		4A22ED222865B859009635BD = {
			isa = PBXGroup;
			children = (
				4AC84D9928769BF1008FECEB /* Snapkit */,
				4ACF8B552873FA4C00CDE05D /* Animation */,
				4A73BBE028719BBB003AEBC4 /* Navigation */,
				4A77977E286EEEB30052E990 /* Lottie */,
				4A22ED3C2865B85B009635BD /* Info.plist */,
				4A22ED422865B884009635BD /* Resource */,
				4A22ED2C2865B859009635BD /* Products */,
				2C41D158110058426A033530 /* Pods */,
				069106C42B82F308C1E94CED /* Frameworks */,
			);
			sourceTree = "<group>";
		};
		4A22ED2C2865B859009635BD /* Products */ = {
			isa = PBXGroup;
			children = (
				4A22ED2B2865B859009635BD /* iOS-Practice.app */,
			);
			name = Products;
			sourceTree = "<group>";
		};
		4A22ED422865B884009635BD /* Resource */ = {
			isa = PBXGroup;
			children = (
				4A22ED372865B85B009635BD /* Assets.xcassets */,
				4A22ED432865B897009635BD /* Storyboard */,
				4A22ED2E2865B859009635BD /* AppDelegate.swift */,
				4A22ED302865B859009635BD /* SceneDelegate.swift */,
				4A22ED322865B859009635BD /* ViewController.swift */,
			);
			path = Resource;
			sourceTree = "<group>";
		};
		4A22ED432865B897009635BD /* Storyboard */ = {
			isa = PBXGroup;
			children = (
				4A22ED342865B859009635BD /* Main.storyboard */,
				4A22ED392865B85B009635BD /* LaunchScreen.storyboard */,
			);
			path = Storyboard;
			sourceTree = "<group>";
		};
		4A73BBE028719BBB003AEBC4 /* Navigation */ = {
			isa = PBXGroup;
			children = (
				4A73BBE128719BCF003AEBC4 /* Navigation.storyboard */,
				4A73BBE328719BD9003AEBC4 /* NavigationViewController.swift */,
				4A73BBE528719BF7003AEBC4 /* SecondNavigation.storyboard */,
				4A73BBE728719C04003AEBC4 /* SecondNavigationViewController.swift */,
			);
			path = Navigation;
			sourceTree = "<group>";
		};
		4A77977E286EEEB30052E990 /* Lottie */ = {
			isa = PBXGroup;
			children = (
				4A77977F286EEEBF0052E990 /* LottieViewController.swift */,
				4A779781286EEEC60052E990 /* Lottie.storyboard */,
			);
			path = Lottie;
			sourceTree = "<group>";
		};
		4AC84D9928769BF1008FECEB /* Snapkit */ = {
			isa = PBXGroup;
			children = (
				4AC84D9A28769C01008FECEB /* SnapkitViewController.swift */,
				4AC84D9C28769C0B008FECEB /* Snapkit.storyboard */,
			);
			path = Snapkit;
			sourceTree = "<group>";
		};
		4ACF8B552873FA4C00CDE05D /* Animation */ = {
			isa = PBXGroup;
			children = (
				4A779785286F1F9D0052E990 /* 110238-melt.json */,
				4ACF8B562873FB9100CDE05D /* TextViewAnimation.storyboard */,
				4ACF8B582873FB9D00CDE05D /* TextViewAnimationViewController.swift */,
				4ACF8B5A28744CD600CDE05D /* LabelAnimationViewController.swift */,
				4ACF8B5C28745E1E00CDE05D /* TextLabel.swift */,
				4ACF8B5E287468F400CDE05D /* textLabelDataModel.swift */,
			);
			path = Animation;
			sourceTree = "<group>";
		};
/* End PBXGroup section */

/* Begin PBXNativeTarget section */
		4A22ED2A2865B859009635BD /* iOS-Practice */ = {
			isa = PBXNativeTarget;
			buildConfigurationList = 4A22ED3F2865B85B009635BD /* Build configuration list for PBXNativeTarget "iOS-Practice" */;
			buildPhases = (
				5635E9F1EBC622A44D69D362 /* [CP] Check Pods Manifest.lock */,
				4A22ED272865B859009635BD /* Sources */,
				4A22ED282865B859009635BD /* Frameworks */,
				4A22ED292865B859009635BD /* Resources */,
				18EF16251FF722BA697FCFD7 /* [CP] Embed Pods Frameworks */,
			);
			buildRules = (
			);
			dependencies = (
			);
			name = "iOS-Practice";
			productName = "iOS-Practice";
			productReference = 4A22ED2B2865B859009635BD /* iOS-Practice.app */;
			productType = "com.apple.product-type.application";
		};
/* End PBXNativeTarget section */

/* Begin PBXProject section */
		4A22ED232865B859009635BD /* Project object */ = {
			isa = PBXProject;
			attributes = {
				BuildIndependentTargetsInParallel = 1;
				LastSwiftUpdateCheck = 1330;
				LastUpgradeCheck = 1330;
				TargetAttributes = {
					4A22ED2A2865B859009635BD = {
						CreatedOnToolsVersion = 13.3.1;
					};
				};
			};
			buildConfigurationList = 4A22ED262865B859009635BD /* Build configuration list for PBXProject "iOS-Practice" */;
			compatibilityVersion = "Xcode 13.0";
			developmentRegion = en;
			hasScannedForEncodings = 0;
			knownRegions = (
				en,
				Base,
			);
			mainGroup = 4A22ED222865B859009635BD;
			productRefGroup = 4A22ED2C2865B859009635BD /* Products */;
			projectDirPath = "";
			projectRoot = "";
			targets = (
				4A22ED2A2865B859009635BD /* iOS-Practice */,
			);
		};
/* End PBXProject section */

/* Begin PBXResourcesBuildPhase section */
		4A22ED292865B859009635BD /* Resources */ = {
			isa = PBXResourcesBuildPhase;
			buildActionMask = 2147483647;
			files = (
				4A73BBE228719BCF003AEBC4 /* Navigation.storyboard in Resources */,
				4A22ED3B2865B85B009635BD /* LaunchScreen.storyboard in Resources */,
				4A22ED382865B85B009635BD /* Assets.xcassets in Resources */,
				4AC84D9D28769C0B008FECEB /* Snapkit.storyboard in Resources */,
				4ACF8B572873FB9100CDE05D /* TextViewAnimation.storyboard in Resources */,
				4A22ED362865B859009635BD /* Main.storyboard in Resources */,
				4A73BBE628719BF7003AEBC4 /* SecondNavigation.storyboard in Resources */,
				4A73BBDF286F2275003AEBC4 /* Lottie.storyboard in Resources */,
				4A779786286F1F9D0052E990 /* 110238-melt.json in Resources */,
			);
			runOnlyForDeploymentPostprocessing = 0;
		};
/* End PBXResourcesBuildPhase section */

/* Begin PBXShellScriptBuildPhase section */
		18EF16251FF722BA697FCFD7 /* [CP] Embed Pods Frameworks */ = {
			isa = PBXShellScriptBuildPhase;
			buildActionMask = 2147483647;
			files = (
			);
			inputFileListPaths = (
				"${PODS_ROOT}/Target Support Files/Pods-iOS-Practice/Pods-iOS-Practice-frameworks-${CONFIGURATION}-input-files.xcfilelist",
			);
			name = "[CP] Embed Pods Frameworks";
			outputFileListPaths = (
				"${PODS_ROOT}/Target Support Files/Pods-iOS-Practice/Pods-iOS-Practice-frameworks-${CONFIGURATION}-output-files.xcfilelist",
			);
			runOnlyForDeploymentPostprocessing = 0;
			shellPath = /bin/sh;
			shellScript = "\"${PODS_ROOT}/Target Support Files/Pods-iOS-Practice/Pods-iOS-Practice-frameworks.sh\"\n";
			showEnvVarsInLog = 0;
		};
		5635E9F1EBC622A44D69D362 /* [CP] Check Pods Manifest.lock */ = {
			isa = PBXShellScriptBuildPhase;
			buildActionMask = 2147483647;
			files = (
			);
			inputFileListPaths = (
			);
			inputPaths = (
				"${PODS_PODFILE_DIR_PATH}/Podfile.lock",
				"${PODS_ROOT}/Manifest.lock",
			);
			name = "[CP] Check Pods Manifest.lock";
			outputFileListPaths = (
			);
			outputPaths = (
				"$(DERIVED_FILE_DIR)/Pods-iOS-Practice-checkManifestLockResult.txt",
			);
			runOnlyForDeploymentPostprocessing = 0;
			shellPath = /bin/sh;
			shellScript = "diff \"${PODS_PODFILE_DIR_PATH}/Podfile.lock\" \"${PODS_ROOT}/Manifest.lock\" > /dev/null\nif [ $? != 0 ] ; then\n    # print error to STDERR\n    echo \"error: The sandbox is not in sync with the Podfile.lock. Run 'pod install' or update your CocoaPods installation.\" >&2\n    exit 1\nfi\n# This output is used by Xcode 'outputs' to avoid re-running this script phase.\necho \"SUCCESS\" > \"${SCRIPT_OUTPUT_FILE_0}\"\n";
			showEnvVarsInLog = 0;
		};
/* End PBXShellScriptBuildPhase section */

/* Begin PBXSourcesBuildPhase section */
		4A22ED272865B859009635BD /* Sources */ = {
			isa = PBXSourcesBuildPhase;
			buildActionMask = 2147483647;
			files = (
				4A22ED332865B859009635BD /* ViewController.swift in Sources */,
				4A779780286EEEBF0052E990 /* LottieViewController.swift in Sources */,
				4ACF8B592873FB9D00CDE05D /* TextViewAnimationViewController.swift in Sources */,
				4A22ED2F2865B859009635BD /* AppDelegate.swift in Sources */,
				4AC84D9B28769C01008FECEB /* SnapkitViewController.swift in Sources */,
				4ACF8B5B28744CD600CDE05D /* LabelAnimationViewController.swift in Sources */,
				4ACF8B5F287468F400CDE05D /* textLabelDataModel.swift in Sources */,
				4A73BBE428719BD9003AEBC4 /* NavigationViewController.swift in Sources */,
				4ACF8B5D28745E1E00CDE05D /* TextLabel.swift in Sources */,
				4A73BBE828719C04003AEBC4 /* SecondNavigationViewController.swift in Sources */,
				4A22ED312865B859009635BD /* SceneDelegate.swift in Sources */,
			);
			runOnlyForDeploymentPostprocessing = 0;
		};
/* End PBXSourcesBuildPhase section */

/* Begin PBXVariantGroup section */
		4A22ED342865B859009635BD /* Main.storyboard */ = {
			isa = PBXVariantGroup;
			children = (
				4A22ED352865B859009635BD /* Base */,
			);
			name = Main.storyboard;
			sourceTree = "<group>";
		};
		4A22ED392865B85B009635BD /* LaunchScreen.storyboard */ = {
			isa = PBXVariantGroup;
			children = (
				4A22ED3A2865B85B009635BD /* Base */,
			);
			name = LaunchScreen.storyboard;
			sourceTree = "<group>";
		};
/* End PBXVariantGroup section */

/* Begin XCBuildConfiguration section */
		4A22ED3D2865B85B009635BD /* Debug */ = {
			isa = XCBuildConfiguration;
			buildSettings = {
				ALWAYS_SEARCH_USER_PATHS = NO;
				CLANG_ANALYZER_NONNULL = YES;
				CLANG_ANALYZER_NUMBER_OBJECT_CONVERSION = YES_AGGRESSIVE;
				CLANG_CXX_LANGUAGE_STANDARD = "gnu++17";
				CLANG_ENABLE_MODULES = YES;
				CLANG_ENABLE_OBJC_ARC = YES;
				CLANG_ENABLE_OBJC_WEAK = YES;
				CLANG_WARN_BLOCK_CAPTURE_AUTORELEASING = YES;
				CLANG_WARN_BOOL_CONVERSION = YES;
				CLANG_WARN_COMMA = YES;
				CLANG_WARN_CONSTANT_CONVERSION = YES;
				CLANG_WARN_DEPRECATED_OBJC_IMPLEMENTATIONS = YES;
				CLANG_WARN_DIRECT_OBJC_ISA_USAGE = YES_ERROR;
				CLANG_WARN_DOCUMENTATION_COMMENTS = YES;
				CLANG_WARN_EMPTY_BODY = YES;
				CLANG_WARN_ENUM_CONVERSION = YES;
				CLANG_WARN_INFINITE_RECURSION = YES;
				CLANG_WARN_INT_CONVERSION = YES;
				CLANG_WARN_NON_LITERAL_NULL_CONVERSION = YES;
				CLANG_WARN_OBJC_IMPLICIT_RETAIN_SELF = YES;
				CLANG_WARN_OBJC_LITERAL_CONVERSION = YES;
				CLANG_WARN_OBJC_ROOT_CLASS = YES_ERROR;
				CLANG_WARN_QUOTED_INCLUDE_IN_FRAMEWORK_HEADER = YES;
				CLANG_WARN_RANGE_LOOP_ANALYSIS = YES;
				CLANG_WARN_STRICT_PROTOTYPES = YES;
				CLANG_WARN_SUSPICIOUS_MOVE = YES;
				CLANG_WARN_UNGUARDED_AVAILABILITY = YES_AGGRESSIVE;
				CLANG_WARN_UNREACHABLE_CODE = YES;
				CLANG_WARN__DUPLICATE_METHOD_MATCH = YES;
				COPY_PHASE_STRIP = NO;
				DEBUG_INFORMATION_FORMAT = dwarf;
				ENABLE_STRICT_OBJC_MSGSEND = YES;
				ENABLE_TESTABILITY = YES;
				GCC_C_LANGUAGE_STANDARD = gnu11;
				GCC_DYNAMIC_NO_PIC = NO;
				GCC_NO_COMMON_BLOCKS = YES;
				GCC_OPTIMIZATION_LEVEL = 0;
				GCC_PREPROCESSOR_DEFINITIONS = (
					"DEBUG=1",
					"$(inherited)",
				);
				GCC_WARN_64_TO_32_BIT_CONVERSION = YES;
				GCC_WARN_ABOUT_RETURN_TYPE = YES_ERROR;
				GCC_WARN_UNDECLARED_SELECTOR = YES;
				GCC_WARN_UNINITIALIZED_AUTOS = YES_AGGRESSIVE;
				GCC_WARN_UNUSED_FUNCTION = YES;
				GCC_WARN_UNUSED_VARIABLE = YES;
				IPHONEOS_DEPLOYMENT_TARGET = 15.4;
				MTL_ENABLE_DEBUG_INFO = INCLUDE_SOURCE;
				MTL_FAST_MATH = YES;
				ONLY_ACTIVE_ARCH = YES;
				SDKROOT = iphoneos;
				SWIFT_ACTIVE_COMPILATION_CONDITIONS = DEBUG;
				SWIFT_OPTIMIZATION_LEVEL = "-Onone";
			};
			name = Debug;
		};
		4A22ED3E2865B85B009635BD /* Release */ = {
			isa = XCBuildConfiguration;
			buildSettings = {
				ALWAYS_SEARCH_USER_PATHS = NO;
				CLANG_ANALYZER_NONNULL = YES;
				CLANG_ANALYZER_NUMBER_OBJECT_CONVERSION = YES_AGGRESSIVE;
				CLANG_CXX_LANGUAGE_STANDARD = "gnu++17";
				CLANG_ENABLE_MODULES = YES;
				CLANG_ENABLE_OBJC_ARC = YES;
				CLANG_ENABLE_OBJC_WEAK = YES;
				CLANG_WARN_BLOCK_CAPTURE_AUTORELEASING = YES;
				CLANG_WARN_BOOL_CONVERSION = YES;
				CLANG_WARN_COMMA = YES;
				CLANG_WARN_CONSTANT_CONVERSION = YES;
				CLANG_WARN_DEPRECATED_OBJC_IMPLEMENTATIONS = YES;
				CLANG_WARN_DIRECT_OBJC_ISA_USAGE = YES_ERROR;
				CLANG_WARN_DOCUMENTATION_COMMENTS = YES;
				CLANG_WARN_EMPTY_BODY = YES;
				CLANG_WARN_ENUM_CONVERSION = YES;
				CLANG_WARN_INFINITE_RECURSION = YES;
				CLANG_WARN_INT_CONVERSION = YES;
				CLANG_WARN_NON_LITERAL_NULL_CONVERSION = YES;
				CLANG_WARN_OBJC_IMPLICIT_RETAIN_SELF = YES;
				CLANG_WARN_OBJC_LITERAL_CONVERSION = YES;
				CLANG_WARN_OBJC_ROOT_CLASS = YES_ERROR;
				CLANG_WARN_QUOTED_INCLUDE_IN_FRAMEWORK_HEADER = YES;
				CLANG_WARN_RANGE_LOOP_ANALYSIS = YES;
				CLANG_WARN_STRICT_PROTOTYPES = YES;
				CLANG_WARN_SUSPICIOUS_MOVE = YES;
				CLANG_WARN_UNGUARDED_AVAILABILITY = YES_AGGRESSIVE;
				CLANG_WARN_UNREACHABLE_CODE = YES;
				CLANG_WARN__DUPLICATE_METHOD_MATCH = YES;
				COPY_PHASE_STRIP = NO;
				DEBUG_INFORMATION_FORMAT = "dwarf-with-dsym";
				ENABLE_NS_ASSERTIONS = NO;
				ENABLE_STRICT_OBJC_MSGSEND = YES;
				GCC_C_LANGUAGE_STANDARD = gnu11;
				GCC_NO_COMMON_BLOCKS = YES;
				GCC_WARN_64_TO_32_BIT_CONVERSION = YES;
				GCC_WARN_ABOUT_RETURN_TYPE = YES_ERROR;
				GCC_WARN_UNDECLARED_SELECTOR = YES;
				GCC_WARN_UNINITIALIZED_AUTOS = YES_AGGRESSIVE;
				GCC_WARN_UNUSED_FUNCTION = YES;
				GCC_WARN_UNUSED_VARIABLE = YES;
				IPHONEOS_DEPLOYMENT_TARGET = 15.4;
				MTL_ENABLE_DEBUG_INFO = NO;
				MTL_FAST_MATH = YES;
				SDKROOT = iphoneos;
				SWIFT_COMPILATION_MODE = wholemodule;
				SWIFT_OPTIMIZATION_LEVEL = "-O";
				VALIDATE_PRODUCT = YES;
			};
			name = Release;
		};
		4A22ED402865B85B009635BD /* Debug */ = {
			isa = XCBuildConfiguration;
			baseConfigurationReference = 7390E3783F4D6D756276DCB4 /* Pods-iOS-Practice.debug.xcconfig */;
			buildSettings = {
				ASSETCATALOG_COMPILER_APPICON_NAME = AppIcon;
				ASSETCATALOG_COMPILER_GLOBAL_ACCENT_COLOR_NAME = AccentColor;
				CODE_SIGN_STYLE = Automatic;
				CURRENT_PROJECT_VERSION = 1;
				GENERATE_INFOPLIST_FILE = YES;
				INFOPLIST_FILE = Info.plist;
				INFOPLIST_KEY_UIApplicationSupportsIndirectInputEvents = YES;
				INFOPLIST_KEY_UILaunchStoryboardName = LaunchScreen;
				INFOPLIST_KEY_UIMainStoryboardFile = Snapkit;
				INFOPLIST_KEY_UISupportedInterfaceOrientations_iPad = "UIInterfaceOrientationPortrait UIInterfaceOrientationPortraitUpsideDown UIInterfaceOrientationLandscapeLeft UIInterfaceOrientationLandscapeRight";
				INFOPLIST_KEY_UISupportedInterfaceOrientations_iPhone = "UIInterfaceOrientationPortrait UIInterfaceOrientationLandscapeLeft UIInterfaceOrientationLandscapeRight";
				LD_RUNPATH_SEARCH_PATHS = (
					"$(inherited)",
					"@executable_path/Frameworks",
				);
				MARKETING_VERSION = 1.0;
				PRODUCT_BUNDLE_IDENTIFIER = "cchanmi.iOS-Practice";
				PRODUCT_NAME = "$(TARGET_NAME)";
				SWIFT_EMIT_LOC_STRINGS = YES;
				SWIFT_VERSION = 5.0;
				TARGETED_DEVICE_FAMILY = "1,2";
			};
			name = Debug;
		};
		4A22ED412865B85B009635BD /* Release */ = {
			isa = XCBuildConfiguration;
			baseConfigurationReference = DCE0A1F5C842ECB93B30A3CD /* Pods-iOS-Practice.release.xcconfig */;
			buildSettings = {
				ASSETCATALOG_COMPILER_APPICON_NAME = AppIcon;
				ASSETCATALOG_COMPILER_GLOBAL_ACCENT_COLOR_NAME = AccentColor;
				CODE_SIGN_STYLE = Automatic;
				CURRENT_PROJECT_VERSION = 1;
				GENERATE_INFOPLIST_FILE = YES;
				INFOPLIST_FILE = Info.plist;
				INFOPLIST_KEY_UIApplicationSupportsIndirectInputEvents = YES;
				INFOPLIST_KEY_UILaunchStoryboardName = LaunchScreen;
				INFOPLIST_KEY_UIMainStoryboardFile = Snapkit;
				INFOPLIST_KEY_UISupportedInterfaceOrientations_iPad = "UIInterfaceOrientationPortrait UIInterfaceOrientationPortraitUpsideDown UIInterfaceOrientationLandscapeLeft UIInterfaceOrientationLandscapeRight";
				INFOPLIST_KEY_UISupportedInterfaceOrientations_iPhone = "UIInterfaceOrientationPortrait UIInterfaceOrientationLandscapeLeft UIInterfaceOrientationLandscapeRight";
				LD_RUNPATH_SEARCH_PATHS = (
					"$(inherited)",
					"@executable_path/Frameworks",
				);
				MARKETING_VERSION = 1.0;
				PRODUCT_BUNDLE_IDENTIFIER = "cchanmi.iOS-Practice";
				PRODUCT_NAME = "$(TARGET_NAME)";
				SWIFT_EMIT_LOC_STRINGS = YES;
				SWIFT_VERSION = 5.0;
				TARGETED_DEVICE_FAMILY = "1,2";
			};
			name = Release;
		};
/* End XCBuildConfiguration section */

/* Begin XCConfigurationList section */
		4A22ED262865B859009635BD /* Build configuration list for PBXProject "iOS-Practice" */ = {
			isa = XCConfigurationList;
			buildConfigurations = (
				4A22ED3D2865B85B009635BD /* Debug */,
				4A22ED3E2865B85B009635BD /* Release */,
			);
			defaultConfigurationIsVisible = 0;
			defaultConfigurationName = Release;
		};
		4A22ED3F2865B85B009635BD /* Build configuration list for PBXNativeTarget "iOS-Practice" */ = {
			isa = XCConfigurationList;
			buildConfigurations = (
				4A22ED402865B85B009635BD /* Debug */,
				4A22ED412865B85B009635BD /* Release */,
			);
			defaultConfigurationIsVisible = 0;
			defaultConfigurationName = Release;
		};
/* End XCConfigurationList section */
	};
	rootObject = 4A22ED232865B859009635BD /* Project object */;
}
