// !$*UTF8*$!
{
	archiveVersion = 1;
	classes = {
	};
	objectVersion = 55;
	objects = {

/* Begin PBXBuildFile section */
		4A22ED2F2865B859009635BD /* AppDelegate.swift in Sources */ = {isa = PBXBuildFile; fileRef = 4A22ED2E2865B859009635BD /* AppDelegate.swift */; };
		4A22ED312865B859009635BD /* SceneDelegate.swift in Sources */ = {isa = PBXBuildFile; fileRef = 4A22ED302865B859009635BD /* SceneDelegate.swift */; };
		4A22ED332865B859009635BD /* ViewController.swift in Sources */ = {isa = PBXBuildFile; fileRef = 4A22ED322865B859009635BD /* ViewController.swift */; };
		4A22ED362865B859009635BD /* Main.storyboard in Resources */ = {isa = PBXBuildFile; fileRef = 4A22ED342865B859009635BD /* Main.storyboard */; };
		4A22ED382865B85B009635BD /* Assets.xcassets in Resources */ = {isa = PBXBuildFile; fileRef = 4A22ED372865B85B009635BD /* Assets.xcassets */; };
		4A22ED3B2865B85B009635BD /* LaunchScreen.storyboard in Resources */ = {isa = PBXBuildFile; fileRef = 4A22ED392865B85B009635BD /* LaunchScreen.storyboard */; };
		4A22ED4C2865C19A009635BD /* Property.storyboard in Resources */ = {isa = PBXBuildFile; fileRef = 4A22ED4B2865C19A009635BD /* Property.storyboard */; };
		4A22ED522865C366009635BD /* First.storyboard in Resources */ = {isa = PBXBuildFile; fileRef = 4A22ED512865C366009635BD /* First.storyboard */; };
		4A22ED542865C39F009635BD /* FirstViewController.swift in Sources */ = {isa = PBXBuildFile; fileRef = 4A22ED532865C39F009635BD /* FirstViewController.swift */; };
		4A22ED582865CE7D009635BD /* PropertyViewController.swift in Sources */ = {isa = PBXBuildFile; fileRef = 4A22ED572865CE7D009635BD /* PropertyViewController.swift */; };
		4A29D2652865D2BB00C9E98C /* DelegatePattern.storyboard in Resources */ = {isa = PBXBuildFile; fileRef = 4A29D2642865D2BB00C9E98C /* DelegatePattern.storyboard */; };
		4A29D2672865D2E000C9E98C /* DelegatePatternViewController.swift in Sources */ = {isa = PBXBuildFile; fileRef = 4A29D2662865D2E000C9E98C /* DelegatePatternViewController.swift */; };
		4A29D26A2865DCA500C9E98C /* NotificationViewController.swift in Sources */ = {isa = PBXBuildFile; fileRef = 4A29D2692865DCA500C9E98C /* NotificationViewController.swift */; };
		4A29D26C2865DCAE00C9E98C /* Notification.storyboard in Resources */ = {isa = PBXBuildFile; fileRef = 4A29D26B2865DCAE00C9E98C /* Notification.storyboard */; };
		4A29D26F2865E76F00C9E98C /* Closure.storyboard in Resources */ = {isa = PBXBuildFile; fileRef = 4A29D26E2865E76F00C9E98C /* Closure.storyboard */; };
		4A29D2712865E77E00C9E98C /* ClosureViewController.swift in Sources */ = {isa = PBXBuildFile; fileRef = 4A29D2702865E77E00C9E98C /* ClosureViewController.swift */; };
/* End PBXBuildFile section */

/* Begin PBXFileReference section */
		4A22ED2B2865B859009635BD /* iOS-Practice.app */ = {isa = PBXFileReference; explicitFileType = wrapper.application; includeInIndex = 0; path = "iOS-Practice.app"; sourceTree = BUILT_PRODUCTS_DIR; };
		4A22ED2E2865B859009635BD /* AppDelegate.swift */ = {isa = PBXFileReference; lastKnownFileType = sourcecode.swift; path = AppDelegate.swift; sourceTree = "<group>"; };
		4A22ED302865B859009635BD /* SceneDelegate.swift */ = {isa = PBXFileReference; lastKnownFileType = sourcecode.swift; path = SceneDelegate.swift; sourceTree = "<group>"; };
		4A22ED322865B859009635BD /* ViewController.swift */ = {isa = PBXFileReference; lastKnownFileType = sourcecode.swift; path = ViewController.swift; sourceTree = "<group>"; };
		4A22ED352865B859009635BD /* Base */ = {isa = PBXFileReference; lastKnownFileType = file.storyboard; name = Base; path = Base.lproj/Main.storyboard; sourceTree = "<group>"; };
		4A22ED372865B85B009635BD /* Assets.xcassets */ = {isa = PBXFileReference; lastKnownFileType = folder.assetcatalog; path = Assets.xcassets; sourceTree = "<group>"; };
		4A22ED3A2865B85B009635BD /* Base */ = {isa = PBXFileReference; lastKnownFileType = file.storyboard; name = Base; path = Base.lproj/LaunchScreen.storyboard; sourceTree = "<group>"; };
		4A22ED3C2865B85B009635BD /* Info.plist */ = {isa = PBXFileReference; lastKnownFileType = text.plist.xml; path = Info.plist; sourceTree = "<group>"; };
		4A22ED4B2865C19A009635BD /* Property.storyboard */ = {isa = PBXFileReference; lastKnownFileType = file.storyboard; path = Property.storyboard; sourceTree = "<group>"; };
		4A22ED512865C366009635BD /* First.storyboard */ = {isa = PBXFileReference; lastKnownFileType = file.storyboard; path = First.storyboard; sourceTree = "<group>"; };
		4A22ED532865C39F009635BD /* FirstViewController.swift */ = {isa = PBXFileReference; lastKnownFileType = sourcecode.swift; path = FirstViewController.swift; sourceTree = "<group>"; };
		4A22ED572865CE7D009635BD /* PropertyViewController.swift */ = {isa = PBXFileReference; lastKnownFileType = sourcecode.swift; path = PropertyViewController.swift; sourceTree = "<group>"; };
		4A29D2642865D2BB00C9E98C /* DelegatePattern.storyboard */ = {isa = PBXFileReference; lastKnownFileType = file.storyboard; path = DelegatePattern.storyboard; sourceTree = "<group>"; };
		4A29D2662865D2E000C9E98C /* DelegatePatternViewController.swift */ = {isa = PBXFileReference; lastKnownFileType = sourcecode.swift; path = DelegatePatternViewController.swift; sourceTree = "<group>"; };
		4A29D2692865DCA500C9E98C /* NotificationViewController.swift */ = {isa = PBXFileReference; lastKnownFileType = sourcecode.swift; path = NotificationViewController.swift; sourceTree = "<group>"; };
		4A29D26B2865DCAE00C9E98C /* Notification.storyboard */ = {isa = PBXFileReference; lastKnownFileType = file.storyboard; path = Notification.storyboard; sourceTree = "<group>"; };
		4A29D26E2865E76F00C9E98C /* Closure.storyboard */ = {isa = PBXFileReference; lastKnownFileType = file.storyboard; path = Closure.storyboard; sourceTree = "<group>"; };
		4A29D2702865E77E00C9E98C /* ClosureViewController.swift */ = {isa = PBXFileReference; lastKnownFileType = sourcecode.swift; path = ClosureViewController.swift; sourceTree = "<group>"; };
/* End PBXFileReference section */

/* Begin PBXFrameworksBuildPhase section */
		4A22ED282865B859009635BD /* Frameworks */ = {
			isa = PBXFrameworksBuildPhase;
			buildActionMask = 2147483647;
			files = (
			);
			runOnlyForDeploymentPostprocessing = 0;
		};
/* End PBXFrameworksBuildPhase section */

/* Begin PBXGroup section */
		4A22ED222865B859009635BD = {
			isa = PBXGroup;
			children = (
				4A22ED2D2865B859009635BD /* iOS-Practice */,
				4A22ED2C2865B859009635BD /* Products */,
			);
			sourceTree = "<group>";
		};
		4A22ED2C2865B859009635BD /* Products */ = {
			isa = PBXGroup;
			children = (
				4A22ED2B2865B859009635BD /* iOS-Practice.app */,
			);
			name = Products;
			sourceTree = "<group>";
		};
		4A22ED2D2865B859009635BD /* iOS-Practice */ = {
			isa = PBXGroup;
			children = (
				4A22ED492865C040009635BD /* DataPassing */,
				4A29D2632865D2A700C9E98C /* New Group */,
				4A22ED422865B884009635BD /* Resource */,
				4A22ED372865B85B009635BD /* Assets.xcassets */,
				4A22ED3C2865B85B009635BD /* Info.plist */,
			);
			path = "iOS-Practice";
			sourceTree = "<group>";
		};
		4A22ED422865B884009635BD /* Resource */ = {
			isa = PBXGroup;
			children = (
				4A22ED432865B897009635BD /* Storyboard */,
				4A22ED2E2865B859009635BD /* AppDelegate.swift */,
				4A22ED302865B859009635BD /* SceneDelegate.swift */,
				4A22ED322865B859009635BD /* ViewController.swift */,
			);
			path = Resource;
			sourceTree = "<group>";
		};
		4A22ED432865B897009635BD /* Storyboard */ = {
			isa = PBXGroup;
			children = (
				4A22ED342865B859009635BD /* Main.storyboard */,
				4A22ED392865B85B009635BD /* LaunchScreen.storyboard */,
			);
			path = Storyboard;
			sourceTree = "<group>";
		};
		4A22ED492865C040009635BD /* DataPassing */ = {
			isa = PBXGroup;
			children = (
				4A29D26D2865E76000C9E98C /* Closure */,
				4A29D2682865DC9300C9E98C /* Notification */,
				4A29D2622865D28200C9E98C /* DelegatePattern */,
				4A22ED4A2865C12F009635BD /* Property */,
				4A22ED512865C366009635BD /* First.storyboard */,
				4A22ED532865C39F009635BD /* FirstViewController.swift */,
			);
			path = DataPassing;
			sourceTree = "<group>";
		};
		4A22ED4A2865C12F009635BD /* Property */ = {
			isa = PBXGroup;
			children = (
				4A22ED4B2865C19A009635BD /* Property.storyboard */,
				4A22ED572865CE7D009635BD /* PropertyViewController.swift */,
			);
			path = Property;
			sourceTree = "<group>";
		};
		4A29D2622865D28200C9E98C /* DelegatePattern */ = {
			isa = PBXGroup;
			children = (
				4A29D2642865D2BB00C9E98C /* DelegatePattern.storyboard */,
				4A29D2662865D2E000C9E98C /* DelegatePatternViewController.swift */,
			);
			path = DelegatePattern;
			sourceTree = "<group>";
		};
		4A29D2632865D2A700C9E98C /* New Group */ = {
			isa = PBXGroup;
			children = (
			);
			path = "New Group";
			sourceTree = "<group>";
		};
		4A29D2682865DC9300C9E98C /* Notification */ = {
			isa = PBXGroup;
			children = (
				4A29D2692865DCA500C9E98C /* NotificationViewController.swift */,
				4A29D26B2865DCAE00C9E98C /* Notification.storyboard */,
			);
			path = Notification;
			sourceTree = "<group>";
		};
		4A29D26D2865E76000C9E98C /* Closure */ = {
			isa = PBXGroup;
			children = (
				4A29D26E2865E76F00C9E98C /* Closure.storyboard */,
				4A29D2702865E77E00C9E98C /* ClosureViewController.swift */,
			);
			path = Closure;
			sourceTree = "<group>";
		};
/* End PBXGroup section */

/* Begin PBXNativeTarget section */
		4A22ED2A2865B859009635BD /* iOS-Practice */ = {
			isa = PBXNativeTarget;
			buildConfigurationList = 4A22ED3F2865B85B009635BD /* Build configuration list for PBXNativeTarget "iOS-Practice" */;
			buildPhases = (
				4A22ED272865B859009635BD /* Sources */,
				4A22ED282865B859009635BD /* Frameworks */,
				4A22ED292865B859009635BD /* Resources */,
			);
			buildRules = (
			);
			dependencies = (
			);
			name = "iOS-Practice";
			productName = "iOS-Practice";
			productReference = 4A22ED2B2865B859009635BD /* iOS-Practice.app */;
			productType = "com.apple.product-type.application";
		};
/* End PBXNativeTarget section */

/* Begin PBXProject section */
		4A22ED232865B859009635BD /* Project object */ = {
			isa = PBXProject;
			attributes = {
				BuildIndependentTargetsInParallel = 1;
				LastSwiftUpdateCheck = 1330;
				LastUpgradeCheck = 1330;
				TargetAttributes = {
					4A22ED2A2865B859009635BD = {
						CreatedOnToolsVersion = 13.3.1;
					};
				};
			};
			buildConfigurationList = 4A22ED262865B859009635BD /* Build configuration list for PBXProject "iOS-Practice" */;
			compatibilityVersion = "Xcode 13.0";
			developmentRegion = en;
			hasScannedForEncodings = 0;
			knownRegions = (
				en,
				Base,
			);
			mainGroup = 4A22ED222865B859009635BD;
			productRefGroup = 4A22ED2C2865B859009635BD /* Products */;
			projectDirPath = "";
			projectRoot = "";
			targets = (
				4A22ED2A2865B859009635BD /* iOS-Practice */,
			);
		};
/* End PBXProject section */

/* Begin PBXResourcesBuildPhase section */
		4A22ED292865B859009635BD /* Resources */ = {
			isa = PBXResourcesBuildPhase;
			buildActionMask = 2147483647;
			files = (
				4A22ED3B2865B85B009635BD /* LaunchScreen.storyboard in Resources */,
				4A22ED382865B85B009635BD /* Assets.xcassets in Resources */,
				4A22ED362865B859009635BD /* Main.storyboard in Resources */,
				4A22ED4C2865C19A009635BD /* Property.storyboard in Resources */,
				4A22ED522865C366009635BD /* First.storyboard in Resources */,
				4A29D2652865D2BB00C9E98C /* DelegatePattern.storyboard in Resources */,
				4A29D26F2865E76F00C9E98C /* Closure.storyboard in Resources */,
				4A29D26C2865DCAE00C9E98C /* Notification.storyboard in Resources */,
			);
			runOnlyForDeploymentPostprocessing = 0;
		};
/* End PBXResourcesBuildPhase section */

/* Begin PBXSourcesBuildPhase section */
		4A22ED272865B859009635BD /* Sources */ = {
			isa = PBXSourcesBuildPhase;
			buildActionMask = 2147483647;
			files = (
				4A22ED332865B859009635BD /* ViewController.swift in Sources */,
				4A22ED582865CE7D009635BD /* PropertyViewController.swift in Sources */,
				4A29D2712865E77E00C9E98C /* ClosureViewController.swift in Sources */,
				4A29D2672865D2E000C9E98C /* DelegatePatternViewController.swift in Sources */,
				4A29D26A2865DCA500C9E98C /* NotificationViewController.swift in Sources */,
				4A22ED2F2865B859009635BD /* AppDelegate.swift in Sources */,
				4A22ED312865B859009635BD /* SceneDelegate.swift in Sources */,
				4A22ED542865C39F009635BD /* FirstViewController.swift in Sources */,
			);
			runOnlyForDeploymentPostprocessing = 0;
		};
/* End PBXSourcesBuildPhase section */

/* Begin PBXVariantGroup section */
		4A22ED342865B859009635BD /* Main.storyboard */ = {
			isa = PBXVariantGroup;
			children = (
				4A22ED352865B859009635BD /* Base */,
			);
			name = Main.storyboard;
			sourceTree = "<group>";
		};
		4A22ED392865B85B009635BD /* LaunchScreen.storyboard */ = {
			isa = PBXVariantGroup;
			children = (
				4A22ED3A2865B85B009635BD /* Base */,
			);
			name = LaunchScreen.storyboard;
			sourceTree = "<group>";
		};
/* End PBXVariantGroup section */

/* Begin XCBuildConfiguration section */
		4A22ED3D2865B85B009635BD /* Debug */ = {
			isa = XCBuildConfiguration;
			buildSettings = {
				ALWAYS_SEARCH_USER_PATHS = NO;
				CLANG_ANALYZER_NONNULL = YES;
				CLANG_ANALYZER_NUMBER_OBJECT_CONVERSION = YES_AGGRESSIVE;
				CLANG_CXX_LANGUAGE_STANDARD = "gnu++17";
				CLANG_ENABLE_MODULES = YES;
				CLANG_ENABLE_OBJC_ARC = YES;
				CLANG_ENABLE_OBJC_WEAK = YES;
				CLANG_WARN_BLOCK_CAPTURE_AUTORELEASING = YES;
				CLANG_WARN_BOOL_CONVERSION = YES;
				CLANG_WARN_COMMA = YES;
				CLANG_WARN_CONSTANT_CONVERSION = YES;
				CLANG_WARN_DEPRECATED_OBJC_IMPLEMENTATIONS = YES;
				CLANG_WARN_DIRECT_OBJC_ISA_USAGE = YES_ERROR;
				CLANG_WARN_DOCUMENTATION_COMMENTS = YES;
				CLANG_WARN_EMPTY_BODY = YES;
				CLANG_WARN_ENUM_CONVERSION = YES;
				CLANG_WARN_INFINITE_RECURSION = YES;
				CLANG_WARN_INT_CONVERSION = YES;
				CLANG_WARN_NON_LITERAL_NULL_CONVERSION = YES;
				CLANG_WARN_OBJC_IMPLICIT_RETAIN_SELF = YES;
				CLANG_WARN_OBJC_LITERAL_CONVERSION = YES;
				CLANG_WARN_OBJC_ROOT_CLASS = YES_ERROR;
				CLANG_WARN_QUOTED_INCLUDE_IN_FRAMEWORK_HEADER = YES;
				CLANG_WARN_RANGE_LOOP_ANALYSIS = YES;
				CLANG_WARN_STRICT_PROTOTYPES = YES;
				CLANG_WARN_SUSPICIOUS_MOVE = YES;
				CLANG_WARN_UNGUARDED_AVAILABILITY = YES_AGGRESSIVE;
				CLANG_WARN_UNREACHABLE_CODE = YES;
				CLANG_WARN__DUPLICATE_METHOD_MATCH = YES;
				COPY_PHASE_STRIP = NO;
				DEBUG_INFORMATION_FORMAT = dwarf;
				ENABLE_STRICT_OBJC_MSGSEND = YES;
				ENABLE_TESTABILITY = YES;
				GCC_C_LANGUAGE_STANDARD = gnu11;
				GCC_DYNAMIC_NO_PIC = NO;
				GCC_NO_COMMON_BLOCKS = YES;
				GCC_OPTIMIZATION_LEVEL = 0;
				GCC_PREPROCESSOR_DEFINITIONS = (
					"DEBUG=1",
					"$(inherited)",
				);
				GCC_WARN_64_TO_32_BIT_CONVERSION = YES;
				GCC_WARN_ABOUT_RETURN_TYPE = YES_ERROR;
				GCC_WARN_UNDECLARED_SELECTOR = YES;
				GCC_WARN_UNINITIALIZED_AUTOS = YES_AGGRESSIVE;
				GCC_WARN_UNUSED_FUNCTION = YES;
				GCC_WARN_UNUSED_VARIABLE = YES;
				IPHONEOS_DEPLOYMENT_TARGET = 15.4;
				MTL_ENABLE_DEBUG_INFO = INCLUDE_SOURCE;
				MTL_FAST_MATH = YES;
				ONLY_ACTIVE_ARCH = YES;
				SDKROOT = iphoneos;
				SWIFT_ACTIVE_COMPILATION_CONDITIONS = DEBUG;
				SWIFT_OPTIMIZATION_LEVEL = "-Onone";
			};
			name = Debug;
		};
		4A22ED3E2865B85B009635BD /* Release */ = {
			isa = XCBuildConfiguration;
			buildSettings = {
				ALWAYS_SEARCH_USER_PATHS = NO;
				CLANG_ANALYZER_NONNULL = YES;
				CLANG_ANALYZER_NUMBER_OBJECT_CONVERSION = YES_AGGRESSIVE;
				CLANG_CXX_LANGUAGE_STANDARD = "gnu++17";
				CLANG_ENABLE_MODULES = YES;
				CLANG_ENABLE_OBJC_ARC = YES;
				CLANG_ENABLE_OBJC_WEAK = YES;
				CLANG_WARN_BLOCK_CAPTURE_AUTORELEASING = YES;
				CLANG_WARN_BOOL_CONVERSION = YES;
				CLANG_WARN_COMMA = YES;
				CLANG_WARN_CONSTANT_CONVERSION = YES;
				CLANG_WARN_DEPRECATED_OBJC_IMPLEMENTATIONS = YES;
				CLANG_WARN_DIRECT_OBJC_ISA_USAGE = YES_ERROR;
				CLANG_WARN_DOCUMENTATION_COMMENTS = YES;
				CLANG_WARN_EMPTY_BODY = YES;
				CLANG_WARN_ENUM_CONVERSION = YES;
				CLANG_WARN_INFINITE_RECURSION = YES;
				CLANG_WARN_INT_CONVERSION = YES;
				CLANG_WARN_NON_LITERAL_NULL_CONVERSION = YES;
				CLANG_WARN_OBJC_IMPLICIT_RETAIN_SELF = YES;
				CLANG_WARN_OBJC_LITERAL_CONVERSION = YES;
				CLANG_WARN_OBJC_ROOT_CLASS = YES_ERROR;
				CLANG_WARN_QUOTED_INCLUDE_IN_FRAMEWORK_HEADER = YES;
				CLANG_WARN_RANGE_LOOP_ANALYSIS = YES;
				CLANG_WARN_STRICT_PROTOTYPES = YES;
				CLANG_WARN_SUSPICIOUS_MOVE = YES;
				CLANG_WARN_UNGUARDED_AVAILABILITY = YES_AGGRESSIVE;
				CLANG_WARN_UNREACHABLE_CODE = YES;
				CLANG_WARN__DUPLICATE_METHOD_MATCH = YES;
				COPY_PHASE_STRIP = NO;
				DEBUG_INFORMATION_FORMAT = "dwarf-with-dsym";
				ENABLE_NS_ASSERTIONS = NO;
				ENABLE_STRICT_OBJC_MSGSEND = YES;
				GCC_C_LANGUAGE_STANDARD = gnu11;
				GCC_NO_COMMON_BLOCKS = YES;
				GCC_WARN_64_TO_32_BIT_CONVERSION = YES;
				GCC_WARN_ABOUT_RETURN_TYPE = YES_ERROR;
				GCC_WARN_UNDECLARED_SELECTOR = YES;
				GCC_WARN_UNINITIALIZED_AUTOS = YES_AGGRESSIVE;
				GCC_WARN_UNUSED_FUNCTION = YES;
				GCC_WARN_UNUSED_VARIABLE = YES;
				IPHONEOS_DEPLOYMENT_TARGET = 15.4;
				MTL_ENABLE_DEBUG_INFO = NO;
				MTL_FAST_MATH = YES;
				SDKROOT = iphoneos;
				SWIFT_COMPILATION_MODE = wholemodule;
				SWIFT_OPTIMIZATION_LEVEL = "-O";
				VALIDATE_PRODUCT = YES;
			};
			name = Release;
		};
		4A22ED402865B85B009635BD /* Debug */ = {
			isa = XCBuildConfiguration;
			buildSettings = {
				ASSETCATALOG_COMPILER_APPICON_NAME = AppIcon;
				ASSETCATALOG_COMPILER_GLOBAL_ACCENT_COLOR_NAME = AccentColor;
				CODE_SIGN_STYLE = Automatic;
				CURRENT_PROJECT_VERSION = 1;
				GENERATE_INFOPLIST_FILE = YES;
				INFOPLIST_FILE = "iOS-Practice/Info.plist";
				INFOPLIST_KEY_UIApplicationSupportsIndirectInputEvents = YES;
				INFOPLIST_KEY_UILaunchStoryboardName = LaunchScreen;
				INFOPLIST_KEY_UIMainStoryboardFile = First;
				INFOPLIST_KEY_UISupportedInterfaceOrientations_iPad = "UIInterfaceOrientationPortrait UIInterfaceOrientationPortraitUpsideDown UIInterfaceOrientationLandscapeLeft UIInterfaceOrientationLandscapeRight";
				INFOPLIST_KEY_UISupportedInterfaceOrientations_iPhone = "UIInterfaceOrientationPortrait UIInterfaceOrientationLandscapeLeft UIInterfaceOrientationLandscapeRight";
				LD_RUNPATH_SEARCH_PATHS = (
					"$(inherited)",
					"@executable_path/Frameworks",
				);
				MARKETING_VERSION = 1.0;
				PRODUCT_BUNDLE_IDENTIFIER = "cchanmi.iOS-Practice";
				PRODUCT_NAME = "$(TARGET_NAME)";
				SWIFT_EMIT_LOC_STRINGS = YES;
				SWIFT_VERSION = 5.0;
				TARGETED_DEVICE_FAMILY = "1,2";
			};
			name = Debug;
		};
		4A22ED412865B85B009635BD /* Release */ = {
			isa = XCBuildConfiguration;
			buildSettings = {
				ASSETCATALOG_COMPILER_APPICON_NAME = AppIcon;
				ASSETCATALOG_COMPILER_GLOBAL_ACCENT_COLOR_NAME = AccentColor;
				CODE_SIGN_STYLE = Automatic;
				CURRENT_PROJECT_VERSION = 1;
				GENERATE_INFOPLIST_FILE = YES;
				INFOPLIST_FILE = "iOS-Practice/Info.plist";
				INFOPLIST_KEY_UIApplicationSupportsIndirectInputEvents = YES;
				INFOPLIST_KEY_UILaunchStoryboardName = LaunchScreen;
				INFOPLIST_KEY_UIMainStoryboardFile = First;
				INFOPLIST_KEY_UISupportedInterfaceOrientations_iPad = "UIInterfaceOrientationPortrait UIInterfaceOrientationPortraitUpsideDown UIInterfaceOrientationLandscapeLeft UIInterfaceOrientationLandscapeRight";
				INFOPLIST_KEY_UISupportedInterfaceOrientations_iPhone = "UIInterfaceOrientationPortrait UIInterfaceOrientationLandscapeLeft UIInterfaceOrientationLandscapeRight";
				LD_RUNPATH_SEARCH_PATHS = (
					"$(inherited)",
					"@executable_path/Frameworks",
				);
				MARKETING_VERSION = 1.0;
				PRODUCT_BUNDLE_IDENTIFIER = "cchanmi.iOS-Practice";
				PRODUCT_NAME = "$(TARGET_NAME)";
				SWIFT_EMIT_LOC_STRINGS = YES;
				SWIFT_VERSION = 5.0;
				TARGETED_DEVICE_FAMILY = "1,2";
			};
			name = Release;
		};
/* End XCBuildConfiguration section */

/* Begin XCConfigurationList section */
		4A22ED262865B859009635BD /* Build configuration list for PBXProject "iOS-Practice" */ = {
			isa = XCConfigurationList;
			buildConfigurations = (
				4A22ED3D2865B85B009635BD /* Debug */,
				4A22ED3E2865B85B009635BD /* Release */,
			);
			defaultConfigurationIsVisible = 0;
			defaultConfigurationName = Release;
		};
		4A22ED3F2865B85B009635BD /* Build configuration list for PBXNativeTarget "iOS-Practice" */ = {
			isa = XCConfigurationList;
			buildConfigurations = (
				4A22ED402865B85B009635BD /* Debug */,
				4A22ED412865B85B009635BD /* Release */,
			);
			defaultConfigurationIsVisible = 0;
			defaultConfigurationName = Release;
		};
/* End XCConfigurationList section */
	};
	rootObject = 4A22ED232865B859009635BD /* Project object */;
}
